// !$*UTF8*$!
{
	archiveVersion = 1;
	classes = {
	};
	objectVersion = 50;
	objects = {

/* Begin PBXBuildFile section */
		DE19321B23B96A65003E548E /* UrlImageView.swift in Sources */ = {isa = PBXBuildFile; fileRef = DE19321A23B96A65003E548E /* UrlImageView.swift */; };
		DE19321E23B96A9A003E548E /* NewsIcon.png in Resources */ = {isa = PBXBuildFile; fileRef = DE19321D23B96A9A003E548E /* NewsIcon.png */; };
		DE19322023B96AF7003E548E /* UrlImageModel.swift in Sources */ = {isa = PBXBuildFile; fileRef = DE19321F23B96AF7003E548E /* UrlImageModel.swift */; };
		DEE6DDCE23A203B70050FE29 /* AppDelegate.swift in Sources */ = {isa = PBXBuildFile; fileRef = DEE6DDCD23A203B70050FE29 /* AppDelegate.swift */; };
		DEE6DDD023A203B70050FE29 /* SceneDelegate.swift in Sources */ = {isa = PBXBuildFile; fileRef = DEE6DDCF23A203B70050FE29 /* SceneDelegate.swift */; };
		DEE6DDD223A203B70050FE29 /* ContentView.swift in Sources */ = {isa = PBXBuildFile; fileRef = DEE6DDD123A203B70050FE29 /* ContentView.swift */; };
		DEE6DDD423A203B80050FE29 /* Assets.xcassets in Resources */ = {isa = PBXBuildFile; fileRef = DEE6DDD323A203B80050FE29 /* Assets.xcassets */; };
		DEE6DDD723A203B80050FE29 /* Preview Assets.xcassets in Resources */ = {isa = PBXBuildFile; fileRef = DEE6DDD623A203B80050FE29 /* Preview Assets.xcassets */; };
		DEE6DDDA23A203B80050FE29 /* LaunchScreen.storyboard in Resources */ = {isa = PBXBuildFile; fileRef = DEE6DDD823A203B80050FE29 /* LaunchScreen.storyboard */; };
		DEE6DDE323A203E10050FE29 /* NewsFeedModels.swift in Sources */ = {isa = PBXBuildFile; fileRef = DEE6DDE223A203E10050FE29 /* NewsFeedModels.swift */; };
		DEE6DDE623A204F40050FE29 /* NewsFeedView.swift in Sources */ = {isa = PBXBuildFile; fileRef = DEE6DDE523A204F40050FE29 /* NewsFeedView.swift */; };
/* End PBXBuildFile section */

/* Begin PBXFileReference section */
		DE19321A23B96A65003E548E /* UrlImageView.swift */ = {isa = PBXFileReference; lastKnownFileType = sourcecode.swift; path = UrlImageView.swift; sourceTree = "<group>"; };
		DE19321D23B96A9A003E548E /* NewsIcon.png */ = {isa = PBXFileReference; lastKnownFileType = image.png; path = NewsIcon.png; sourceTree = "<group>"; };
		DE19321F23B96AF7003E548E /* UrlImageModel.swift */ = {isa = PBXFileReference; lastKnownFileType = sourcecode.swift; path = UrlImageModel.swift; sourceTree = "<group>"; };
		DEE6DDCA23A203B70050FE29 /* NewsApp.app */ = {isa = PBXFileReference; explicitFileType = wrapper.application; includeInIndex = 0; path = NewsApp.app; sourceTree = BUILT_PRODUCTS_DIR; };
		DEE6DDCD23A203B70050FE29 /* AppDelegate.swift */ = {isa = PBXFileReference; lastKnownFileType = sourcecode.swift; path = AppDelegate.swift; sourceTree = "<group>"; };
		DEE6DDCF23A203B70050FE29 /* SceneDelegate.swift */ = {isa = PBXFileReference; lastKnownFileType = sourcecode.swift; path = SceneDelegate.swift; sourceTree = "<group>"; };
		DEE6DDD123A203B70050FE29 /* ContentView.swift */ = {isa = PBXFileReference; lastKnownFileType = sourcecode.swift; path = ContentView.swift; sourceTree = "<group>"; };
		DEE6DDD323A203B80050FE29 /* Assets.xcassets */ = {isa = PBXFileReference; lastKnownFileType = folder.assetcatalog; path = Assets.xcassets; sourceTree = "<group>"; };
		DEE6DDD623A203B80050FE29 /* Preview Assets.xcassets */ = {isa = PBXFileReference; lastKnownFileType = folder.assetcatalog; path = "Preview Assets.xcassets"; sourceTree = "<group>"; };
		DEE6DDD923A203B80050FE29 /* Base */ = {isa = PBXFileReference; lastKnownFileType = file.storyboard; name = Base; path = Base.lproj/LaunchScreen.storyboard; sourceTree = "<group>"; };
		DEE6DDDB23A203B80050FE29 /* Info.plist */ = {isa = PBXFileReference; lastKnownFileType = text.plist.xml; path = Info.plist; sourceTree = "<group>"; };
		DEE6DDE223A203E10050FE29 /* NewsFeedModels.swift */ = {isa = PBXFileReference; lastKnownFileType = sourcecode.swift; path = NewsFeedModels.swift; sourceTree = "<group>"; };
		DEE6DDE523A204F40050FE29 /* NewsFeedView.swift */ = {isa = PBXFileReference; lastKnownFileType = sourcecode.swift; path = NewsFeedView.swift; sourceTree = "<group>"; };
/* End PBXFileReference section */

/* Begin PBXFrameworksBuildPhase section */
		DEE6DDC723A203B70050FE29 /* Frameworks */ = {
			isa = PBXFrameworksBuildPhase;
			buildActionMask = 2147483647;
			files = (
			);
			runOnlyForDeploymentPostprocessing = 0;
		};
/* End PBXFrameworksBuildPhase section */

/* Begin PBXGroup section */
		DE19321C23B96A93003E548E /* Resource */ = {
			isa = PBXGroup;
			children = (
				DE19321D23B96A9A003E548E /* NewsIcon.png */,
			);
			path = Resource;
			sourceTree = "<group>";
		};
		DEE6DDC123A203B70050FE29 = {
			isa = PBXGroup;
			children = (
				DEE6DDCC23A203B70050FE29 /* NewsApp */,
				DEE6DDCB23A203B70050FE29 /* Products */,
			);
			sourceTree = "<group>";
		};
		DEE6DDCB23A203B70050FE29 /* Products */ = {
			isa = PBXGroup;
			children = (
				DEE6DDCA23A203B70050FE29 /* NewsApp.app */,
			);
			name = Products;
			sourceTree = "<group>";
		};
		DEE6DDCC23A203B70050FE29 /* NewsApp */ = {
			isa = PBXGroup;
			children = (
				DE19321C23B96A93003E548E /* Resource */,
				DEE6DDE423A204E70050FE29 /* View */,
				DEE6DDE123A203CF0050FE29 /* Model */,
				DEE6DDCD23A203B70050FE29 /* AppDelegate.swift */,
				DEE6DDCF23A203B70050FE29 /* SceneDelegate.swift */,
				DEE6DDD123A203B70050FE29 /* ContentView.swift */,
				DEE6DDD323A203B80050FE29 /* Assets.xcassets */,
				DEE6DDD823A203B80050FE29 /* LaunchScreen.storyboard */,
				DEE6DDDB23A203B80050FE29 /* Info.plist */,
				DEE6DDD523A203B80050FE29 /* Preview Content */,
			);
			path = NewsApp;
			sourceTree = "<group>";
		};
		DEE6DDD523A203B80050FE29 /* Preview Content */ = {
			isa = PBXGroup;
			children = (
				DEE6DDD623A203B80050FE29 /* Preview Assets.xcassets */,
			);
			path = "Preview Content";
			sourceTree = "<group>";
		};
		DEE6DDE123A203CF0050FE29 /* Model */ = {
			isa = PBXGroup;
			children = (
				DEE6DDE223A203E10050FE29 /* NewsFeedModels.swift */,
				DE19321F23B96AF7003E548E /* UrlImageModel.swift */,
			);
			path = Model;
			sourceTree = "<group>";
		};
		DEE6DDE423A204E70050FE29 /* View */ = {
			isa = PBXGroup;
			children = (
				DEE6DDE523A204F40050FE29 /* NewsFeedView.swift */,
				DE19321A23B96A65003E548E /* UrlImageView.swift */,
			);
			path = View;
			sourceTree = "<group>";
		};
/* End PBXGroup section */

/* Begin PBXNativeTarget section */
		DEE6DDC923A203B70050FE29 /* NewsApp */ = {
			isa = PBXNativeTarget;
			buildConfigurationList = DEE6DDDE23A203B80050FE29 /* Build configuration list for PBXNativeTarget "NewsApp" */;
			buildPhases = (
				DEE6DDC623A203B70050FE29 /* Sources */,
				DEE6DDC723A203B70050FE29 /* Frameworks */,
				DEE6DDC823A203B70050FE29 /* Resources */,
			);
			buildRules = (
			);
			dependencies = (
			);
			name = NewsApp;
			productName = NewsApp;
			productReference = DEE6DDCA23A203B70050FE29 /* NewsApp.app */;
			productType = "com.apple.product-type.application";
		};
/* End PBXNativeTarget section */

/* Begin PBXProject section */
		DEE6DDC223A203B70050FE29 /* Project object */ = {
			isa = PBXProject;
			attributes = {
				LastSwiftUpdateCheck = 1120;
				LastUpgradeCheck = 1120;
				ORGANIZATIONNAME = SchwiftyUI;
				TargetAttributes = {
					DEE6DDC923A203B70050FE29 = {
						CreatedOnToolsVersion = 11.2.1;
					};
				};
			};
			buildConfigurationList = DEE6DDC523A203B70050FE29 /* Build configuration list for PBXProject "NewsApp" */;
			compatibilityVersion = "Xcode 9.3";
			developmentRegion = en;
			hasScannedForEncodings = 0;
			knownRegions = (
				en,
				Base,
			);
			mainGroup = DEE6DDC123A203B70050FE29;
			productRefGroup = DEE6DDCB23A203B70050FE29 /* Products */;
			projectDirPath = "";
			projectRoot = "";
			targets = (
				DEE6DDC923A203B70050FE29 /* NewsApp */,
			);
		};
/* End PBXProject section */

/* Begin PBXResourcesBuildPhase section */
		DEE6DDC823A203B70050FE29 /* Resources */ = {
			isa = PBXResourcesBuildPhase;
			buildActionMask = 2147483647;
			files = (
				DEE6DDDA23A203B80050FE29 /* LaunchScreen.storyboard in Resources */,
				DE19321E23B96A9A003E548E /* NewsIcon.png in Resources */,
				DEE6DDD723A203B80050FE29 /* Preview Assets.xcassets in Resources */,
				DEE6DDD423A203B80050FE29 /* Assets.xcassets in Resources */,
			);
			runOnlyForDeploymentPostprocessing = 0;
		};
/* End PBXResourcesBuildPhase section */

/* Begin PBXSourcesBuildPhase section */
		DEE6DDC623A203B70050FE29 /* Sources */ = {
			isa = PBXSourcesBuildPhase;
			buildActionMask = 2147483647;
			files = (
				DEE6DDE323A203E10050FE29 /* NewsFeedModels.swift in Sources */,
				DEE6DDE623A204F40050FE29 /* NewsFeedView.swift in Sources */,
				DE19321B23B96A65003E548E /* UrlImageView.swift in Sources */,
				DE19322023B96AF7003E548E /* UrlImageModel.swift in Sources */,
				DEE6DDCE23A203B70050FE29 /* AppDelegate.swift in Sources */,
				DEE6DDD023A203B70050FE29 /* SceneDelegate.swift in Sources */,
				DEE6DDD223A203B70050FE29 /* ContentView.swift in Sources */,
			);
			runOnlyForDeploymentPostprocessing = 0;
		};
/* End PBXSourcesBuildPhase section */

/* Begin PBXVariantGroup section */
		DEE6DDD823A203B80050FE29 /* LaunchScreen.storyboard */ = {
			isa = PBXVariantGroup;
			children = (
				DEE6DDD923A203B80050FE29 /* Base */,
			);
			name = LaunchScreen.storyboard;
			sourceTree = "<group>";
		};
/* End PBXVariantGroup section */

/* Begin XCBuildConfiguration section */
		DEE6DDDC23A203B80050FE29 /* Debug */ = {
			isa = XCBuildConfiguration;
			buildSettings = {
				ALWAYS_SEARCH_USER_PATHS = NO;
				CLANG_ANALYZER_NONNULL = YES;
				CLANG_ANALYZER_NUMBER_OBJECT_CONVERSION = YES_AGGRESSIVE;
				CLANG_CXX_LANGUAGE_STANDARD = "gnu++14";
				CLANG_CXX_LIBRARY = "libc++";
				CLANG_ENABLE_MODULES = YES;
				CLANG_ENABLE_OBJC_ARC = YES;
				CLANG_ENABLE_OBJC_WEAK = YES;
				CLANG_WARN_BLOCK_CAPTURE_AUTORELEASING = YES;
				CLANG_WARN_BOOL_CONVERSION = YES;
				CLANG_WARN_COMMA = YES;
				CLANG_WARN_CONSTANT_CONVERSION = YES;
				CLANG_WARN_DEPRECATED_OBJC_IMPLEMENTATIONS = YES;
				CLANG_WARN_DIRECT_OBJC_ISA_USAGE = YES_ERROR;
				CLANG_WARN_DOCUMENTATION_COMMENTS = YES;
				CLANG_WARN_EMPTY_BODY = YES;
				CLANG_WARN_ENUM_CONVERSION = YES;
				CLANG_WARN_INFINITE_RECURSION = YES;
				CLANG_WARN_INT_CONVERSION = YES;
				CLANG_WARN_NON_LITERAL_NULL_CONVERSION = YES;
				CLANG_WARN_OBJC_IMPLICIT_RETAIN_SELF = YES;
				CLANG_WARN_OBJC_LITERAL_CONVERSION = YES;
				CLANG_WARN_OBJC_ROOT_CLASS = YES_ERROR;
				CLANG_WARN_RANGE_LOOP_ANALYSIS = YES;
				CLANG_WARN_STRICT_PROTOTYPES = YES;
				CLANG_WARN_SUSPICIOUS_MOVE = YES;
				CLANG_WARN_UNGUARDED_AVAILABILITY = YES_AGGRESSIVE;
				CLANG_WARN_UNREACHABLE_CODE = YES;
				CLANG_WARN__DUPLICATE_METHOD_MATCH = YES;
				COPY_PHASE_STRIP = NO;
				DEBUG_INFORMATION_FORMAT = dwarf;
				ENABLE_STRICT_OBJC_MSGSEND = YES;
				ENABLE_TESTABILITY = YES;
				GCC_C_LANGUAGE_STANDARD = gnu11;
				GCC_DYNAMIC_NO_PIC = NO;
				GCC_NO_COMMON_BLOCKS = YES;
				GCC_OPTIMIZATION_LEVEL = 0;
				GCC_PREPROCESSOR_DEFINITIONS = (
					"DEBUG=1",
					"$(inherited)",
				);
				GCC_WARN_64_TO_32_BIT_CONVERSION = YES;
				GCC_WARN_ABOUT_RETURN_TYPE = YES_ERROR;
				GCC_WARN_UNDECLARED_SELECTOR = YES;
				GCC_WARN_UNINITIALIZED_AUTOS = YES_AGGRESSIVE;
				GCC_WARN_UNUSED_FUNCTION = YES;
				GCC_WARN_UNUSED_VARIABLE = YES;
				IPHONEOS_DEPLOYMENT_TARGET = 13.2;
				MTL_ENABLE_DEBUG_INFO = INCLUDE_SOURCE;
				MTL_FAST_MATH = YES;
				ONLY_ACTIVE_ARCH = YES;
				SDKROOT = iphoneos;
				SWIFT_ACTIVE_COMPILATION_CONDITIONS = DEBUG;
				SWIFT_OPTIMIZATION_LEVEL = "-Onone";
			};
			name = Debug;
		};
		DEE6DDDD23A203B80050FE29 /* Release */ = {
			isa = XCBuildConfiguration;
			buildSettings = {
				ALWAYS_SEARCH_USER_PATHS = NO;
				CLANG_ANALYZER_NONNULL = YES;
				CLANG_ANALYZER_NUMBER_OBJECT_CONVERSION = YES_AGGRESSIVE;
				CLANG_CXX_LANGUAGE_STANDARD = "gnu++14";
				CLANG_CXX_LIBRARY = "libc++";
				CLANG_ENABLE_MODULES = YES;
				CLANG_ENABLE_OBJC_ARC = YES;
				CLANG_ENABLE_OBJC_WEAK = YES;
				CLANG_WARN_BLOCK_CAPTURE_AUTORELEASING = YES;
				CLANG_WARN_BOOL_CONVERSION = YES;
				CLANG_WARN_COMMA = YES;
				CLANG_WARN_CONSTANT_CONVERSION = YES;
				CLANG_WARN_DEPRECATED_OBJC_IMPLEMENTATIONS = YES;
				CLANG_WARN_DIRECT_OBJC_ISA_USAGE = YES_ERROR;
				CLANG_WARN_DOCUMENTATION_COMMENTS = YES;
				CLANG_WARN_EMPTY_BODY = YES;
				CLANG_WARN_ENUM_CONVERSION = YES;
				CLANG_WARN_INFINITE_RECURSION = YES;
				CLANG_WARN_INT_CONVERSION = YES;
				CLANG_WARN_NON_LITERAL_NULL_CONVERSION = YES;
				CLANG_WARN_OBJC_IMPLICIT_RETAIN_SELF = YES;
				CLANG_WARN_OBJC_LITERAL_CONVERSION = YES;
				CLANG_WARN_OBJC_ROOT_CLASS = YES_ERROR;
				CLANG_WARN_RANGE_LOOP_ANALYSIS = YES;
				CLANG_WARN_STRICT_PROTOTYPES = YES;
				CLANG_WARN_SUSPICIOUS_MOVE = YES;
				CLANG_WARN_UNGUARDED_AVAILABILITY = YES_AGGRESSIVE;
				CLANG_WARN_UNREACHABLE_CODE = YES;
				CLANG_WARN__DUPLICATE_METHOD_MATCH = YES;
				COPY_PHASE_STRIP = NO;
				DEBUG_INFORMATION_FORMAT = "dwarf-with-dsym";
				ENABLE_NS_ASSERTIONS = NO;
				ENABLE_STRICT_OBJC_MSGSEND = YES;
				GCC_C_LANGUAGE_STANDARD = gnu11;
				GCC_NO_COMMON_BLOCKS = YES;
				GCC_WARN_64_TO_32_BIT_CONVERSION = YES;
				GCC_WARN_ABOUT_RETURN_TYPE = YES_ERROR;
				GCC_WARN_UNDECLARED_SELECTOR = YES;
				GCC_WARN_UNINITIALIZED_AUTOS = YES_AGGRESSIVE;
				GCC_WARN_UNUSED_FUNCTION = YES;
				GCC_WARN_UNUSED_VARIABLE = YES;
				IPHONEOS_DEPLOYMENT_TARGET = 13.2;
				MTL_ENABLE_DEBUG_INFO = NO;
				MTL_FAST_MATH = YES;
				SDKROOT = iphoneos;
				SWIFT_COMPILATION_MODE = wholemodule;
				SWIFT_OPTIMIZATION_LEVEL = "-O";
				VALIDATE_PRODUCT = YES;
			};
			name = Release;
		};
		DEE6DDDF23A203B80050FE29 /* Debug */ = {
			isa = XCBuildConfiguration;
			buildSettings = {
				ASSETCATALOG_COMPILER_APPICON_NAME = AppIcon;
				CODE_SIGN_STYLE = Automatic;
				DEVELOPMENT_ASSET_PATHS = "\"NewsApp/Preview Content\"";
				ENABLE_PREVIEWS = YES;
				INFOPLIST_FILE = NewsApp/Info.plist;
				LD_RUNPATH_SEARCH_PATHS = (
					"$(inherited)",
					"@executable_path/Frameworks",
				);
				PRODUCT_BUNDLE_IDENTIFIER = com.SchwiftyUI.NewsApp;
				PRODUCT_NAME = "$(TARGET_NAME)";
				SWIFT_VERSION = 5.0;
				TARGETED_DEVICE_FAMILY = "1,2";
			};
			name = Debug;
		};
		DEE6DDE023A203B80050FE29 /* Release */ = {
			isa = XCBuildConfiguration;
			buildSettings = {
				ASSETCATALOG_COMPILER_APPICON_NAME = AppIcon;
				CODE_SIGN_STYLE = Automatic;
				DEVELOPMENT_ASSET_PATHS = "\"NewsApp/Preview Content\"";
				ENABLE_PREVIEWS = YES;
				INFOPLIST_FILE = NewsApp/Info.plist;
				LD_RUNPATH_SEARCH_PATHS = (
					"$(inherited)",
					"@executable_path/Frameworks",
				);
				PRODUCT_BUNDLE_IDENTIFIER = com.SchwiftyUI.NewsApp;
				PRODUCT_NAME = "$(TARGET_NAME)";
				SWIFT_VERSION = 5.0;
				TARGETED_DEVICE_FAMILY = "1,2";
			};
			name = Release;
		};
/* End XCBuildConfiguration section */

/* Begin XCConfigurationList section */
		DEE6DDC523A203B70050FE29 /* Build configuration list for PBXProject "NewsApp" */ = {
			isa = XCConfigurationList;
			buildConfigurations = (
				DEE6DDDC23A203B80050FE29 /* Debug */,
				DEE6DDDD23A203B80050FE29 /* Release */,
			);
			defaultConfigurationIsVisible = 0;
			defaultConfigurationName = Release;
		};
		DEE6DDDE23A203B80050FE29 /* Build configuration list for PBXNativeTarget "NewsApp" */ = {
			isa = XCConfigurationList;
			buildConfigurations = (
				DEE6DDDF23A203B80050FE29 /* Debug */,
				DEE6DDE023A203B80050FE29 /* Release */,
			);
			defaultConfigurationIsVisible = 0;
			defaultConfigurationName = Release;
		};
/* End XCConfigurationList section */
	};
	rootObject = DEE6DDC223A203B70050FE29 /* Project object */;
}
